
Microsoft Visual Studio Solution File, Format Version 12.00
# Visual Studio 15
VisualStudioVersion = 15.0.28010.2003
MinimumVisualStudioVersion = 10.0.40219.1
Project("{FAE04EC0-301F-11D3-BF4B-00C04F79EFBC}") = "Dnit.Android", "Dnit\Dnit.Android\Dnit.Android.csproj", "{A1E3DE5E-54D2-463B-90BF-4DE0D420B524}"
EndProject
Project("{FAE04EC0-301F-11D3-BF4B-00C04F79EFBC}") = "Dnit.iOS", "Dnit\Dnit.iOS\Dnit.iOS.csproj", "{695ACA3E-E72F-491A-BA28-BF929CEEA663}"
EndProject
Project("{9A19103F-16F7-4668-BE54-9A1E7A4F7556}") = "Catalog.API", "Dnit\Dnit.MobileAppService\Catalog.API.csproj", "{F26154B8-89EA-4B01-9BA2-1B6E207F2C1B}"
EndProject
Project("{9A19103F-16F7-4668-BE54-9A1E7A4F7556}") = "Dnit.Core", "Dnit\Dnit\Dnit.Core.csproj", "{4FEE4028-8F5F-434E-BD8A-67F5D7CC112A}"
EndProject
Project("{2150E333-8FDC-42A3-9474-1A3956D46DE8}") = "test", "test", "{C7A3CF3E-1B99-4CCD-91F8-D9AE9A432E7D}"
EndProject
Project("{2150E333-8FDC-42A3-9474-1A3956D46DE8}") = "test mobile", "test mobile", "{3DF1EB0F-FEC9-453B-865B-E5A3DEAB9BF6}"
EndProject
Project("{2150E333-8FDC-42A3-9474-1A3956D46DE8}") = "mobile", "mobile", "{76EB65B0-4ECF-40C4-B618-06460855297C}"
EndProject
Project("{2150E333-8FDC-42A3-9474-1A3956D46DE8}") = "api", "api", "{49854692-91FA-4566-9165-BEB3FA1D1F50}"
EndProject
Project("{2150E333-8FDC-42A3-9474-1A3956D46DE8}") = "shared", "shared", "{0606DD4E-DFC2-4991-AE74-5B0096CC5ECD}"
EndProject
Project("{2150E333-8FDC-42A3-9474-1A3956D46DE8}") = "apps", "apps", "{753FCD88-DE57-40C6-A2F7-2E2CB0F92923}"
EndProject
Project("{FAE04EC0-301F-11D3-BF4B-00C04F79EFBC}") = "Dnit.UnitTests.Android", "Dnit.UnitTests\Dnit.UnitTests.Android\Dnit.UnitTests.Android.csproj", "{8BEB4B95-1D13-48BF-9023-632F80F7E9E7}"
EndProject
Project("{FAE04EC0-301F-11D3-BF4B-00C04F79EFBC}") = "Dnit.UnitTests.iOS", "Dnit.UnitTests\Dnit.UnitTests.iOS\Dnit.UnitTests.iOS.csproj", "{A989CBA7-1D9F-4471-A7DC-63BA74B39B37}"
EndProject
Project("{FAE04EC0-301F-11D3-BF4B-00C04F79EFBC}") = "Dnit.UnitTests", "Dnit.UnitTests\Dnit.UnitTests\Dnit.UnitTests.csproj", "{5872A855-CC1D-4644-8B70-24B3DF76244C}"
EndProject
Global
	GlobalSection(SolutionConfigurationPlatforms) = preSolution
		Ad-Hoc|Any CPU = Ad-Hoc|Any CPU
		Ad-Hoc|iPhone = Ad-Hoc|iPhone
		Ad-Hoc|iPhoneSimulator = Ad-Hoc|iPhoneSimulator
		AppStore|Any CPU = AppStore|Any CPU
		AppStore|iPhone = AppStore|iPhone
		AppStore|iPhoneSimulator = AppStore|iPhoneSimulator
		Debug|Any CPU = Debug|Any CPU
		Debug|iPhone = Debug|iPhone
		Debug|iPhoneSimulator = Debug|iPhoneSimulator
		Release|Any CPU = Release|Any CPU
		Release|iPhone = Release|iPhone
		Release|iPhoneSimulator = Release|iPhoneSimulator
	EndGlobalSection
	GlobalSection(ProjectConfigurationPlatforms) = postSolution
		{A1E3DE5E-54D2-463B-90BF-4DE0D420B524}.Ad-Hoc|Any CPU.ActiveCfg = Release|Any CPU
		{A1E3DE5E-54D2-463B-90BF-4DE0D420B524}.Ad-Hoc|Any CPU.Build.0 = Release|Any CPU
		{A1E3DE5E-54D2-463B-90BF-4DE0D420B524}.Ad-Hoc|Any CPU.Deploy.0 = Release|Any CPU
		{A1E3DE5E-54D2-463B-90BF-4DE0D420B524}.Ad-Hoc|iPhone.ActiveCfg = Release|Any CPU
		{A1E3DE5E-54D2-463B-90BF-4DE0D420B524}.Ad-Hoc|iPhone.Build.0 = Release|Any CPU
		{A1E3DE5E-54D2-463B-90BF-4DE0D420B524}.Ad-Hoc|iPhone.Deploy.0 = Release|Any CPU
		{A1E3DE5E-54D2-463B-90BF-4DE0D420B524}.Ad-Hoc|iPhoneSimulator.ActiveCfg = Release|Any CPU
		{A1E3DE5E-54D2-463B-90BF-4DE0D420B524}.Ad-Hoc|iPhoneSimulator.Build.0 = Release|Any CPU
		{A1E3DE5E-54D2-463B-90BF-4DE0D420B524}.Ad-Hoc|iPhoneSimulator.Deploy.0 = Release|Any CPU
		{A1E3DE5E-54D2-463B-90BF-4DE0D420B524}.AppStore|Any CPU.ActiveCfg = Release|Any CPU
		{A1E3DE5E-54D2-463B-90BF-4DE0D420B524}.AppStore|Any CPU.Build.0 = Release|Any CPU
		{A1E3DE5E-54D2-463B-90BF-4DE0D420B524}.AppStore|Any CPU.Deploy.0 = Release|Any CPU
		{A1E3DE5E-54D2-463B-90BF-4DE0D420B524}.AppStore|iPhone.ActiveCfg = Release|Any CPU
		{A1E3DE5E-54D2-463B-90BF-4DE0D420B524}.AppStore|iPhone.Build.0 = Release|Any CPU
		{A1E3DE5E-54D2-463B-90BF-4DE0D420B524}.AppStore|iPhone.Deploy.0 = Release|Any CPU
		{A1E3DE5E-54D2-463B-90BF-4DE0D420B524}.AppStore|iPhoneSimulator.ActiveCfg = Release|Any CPU
		{A1E3DE5E-54D2-463B-90BF-4DE0D420B524}.AppStore|iPhoneSimulator.Build.0 = Release|Any CPU
		{A1E3DE5E-54D2-463B-90BF-4DE0D420B524}.AppStore|iPhoneSimulator.Deploy.0 = Release|Any CPU
		{A1E3DE5E-54D2-463B-90BF-4DE0D420B524}.Debug|Any CPU.ActiveCfg = Debug|Any CPU
		{A1E3DE5E-54D2-463B-90BF-4DE0D420B524}.Debug|Any CPU.Build.0 = Debug|Any CPU
		{A1E3DE5E-54D2-463B-90BF-4DE0D420B524}.Debug|Any CPU.Deploy.0 = Debug|Any CPU
		{A1E3DE5E-54D2-463B-90BF-4DE0D420B524}.Debug|iPhone.ActiveCfg = Debug|Any CPU
		{A1E3DE5E-54D2-463B-90BF-4DE0D420B524}.Debug|iPhone.Build.0 = Debug|Any CPU
		{A1E3DE5E-54D2-463B-90BF-4DE0D420B524}.Debug|iPhone.Deploy.0 = Debug|Any CPU
		{A1E3DE5E-54D2-463B-90BF-4DE0D420B524}.Debug|iPhoneSimulator.ActiveCfg = Debug|Any CPU
		{A1E3DE5E-54D2-463B-90BF-4DE0D420B524}.Debug|iPhoneSimulator.Build.0 = Debug|Any CPU
		{A1E3DE5E-54D2-463B-90BF-4DE0D420B524}.Debug|iPhoneSimulator.Deploy.0 = Debug|Any CPU
		{A1E3DE5E-54D2-463B-90BF-4DE0D420B524}.Release|Any CPU.ActiveCfg = Release|Any CPU
		{A1E3DE5E-54D2-463B-90BF-4DE0D420B524}.Release|Any CPU.Build.0 = Release|Any CPU
		{A1E3DE5E-54D2-463B-90BF-4DE0D420B524}.Release|Any CPU.Deploy.0 = Release|Any CPU
		{A1E3DE5E-54D2-463B-90BF-4DE0D420B524}.Release|iPhone.ActiveCfg = Release|Any CPU
		{A1E3DE5E-54D2-463B-90BF-4DE0D420B524}.Release|iPhone.Build.0 = Release|Any CPU
		{A1E3DE5E-54D2-463B-90BF-4DE0D420B524}.Release|iPhone.Deploy.0 = Release|Any CPU
		{A1E3DE5E-54D2-463B-90BF-4DE0D420B524}.Release|iPhoneSimulator.ActiveCfg = Release|Any CPU
		{A1E3DE5E-54D2-463B-90BF-4DE0D420B524}.Release|iPhoneSimulator.Build.0 = Release|Any CPU
		{A1E3DE5E-54D2-463B-90BF-4DE0D420B524}.Release|iPhoneSimulator.Deploy.0 = Release|Any CPU
		{695ACA3E-E72F-491A-BA28-BF929CEEA663}.Ad-Hoc|Any CPU.ActiveCfg = Release|iPhoneSimulator
		{695ACA3E-E72F-491A-BA28-BF929CEEA663}.Ad-Hoc|Any CPU.Build.0 = Release|iPhoneSimulator
		{695ACA3E-E72F-491A-BA28-BF929CEEA663}.Ad-Hoc|iPhone.ActiveCfg = Release|iPhone
		{695ACA3E-E72F-491A-BA28-BF929CEEA663}.Ad-Hoc|iPhone.Build.0 = Release|iPhone
		{695ACA3E-E72F-491A-BA28-BF929CEEA663}.Ad-Hoc|iPhoneSimulator.ActiveCfg = Release|iPhoneSimulator
		{695ACA3E-E72F-491A-BA28-BF929CEEA663}.Ad-Hoc|iPhoneSimulator.Build.0 = Release|iPhoneSimulator
		{695ACA3E-E72F-491A-BA28-BF929CEEA663}.AppStore|Any CPU.ActiveCfg = Release|iPhoneSimulator
		{695ACA3E-E72F-491A-BA28-BF929CEEA663}.AppStore|Any CPU.Build.0 = Release|iPhoneSimulator
		{695ACA3E-E72F-491A-BA28-BF929CEEA663}.AppStore|iPhone.ActiveCfg = Release|iPhone
		{695ACA3E-E72F-491A-BA28-BF929CEEA663}.AppStore|iPhone.Build.0 = Release|iPhone
		{695ACA3E-E72F-491A-BA28-BF929CEEA663}.AppStore|iPhoneSimulator.ActiveCfg = Release|iPhoneSimulator
		{695ACA3E-E72F-491A-BA28-BF929CEEA663}.AppStore|iPhoneSimulator.Build.0 = Release|iPhoneSimulator
		{695ACA3E-E72F-491A-BA28-BF929CEEA663}.Debug|Any CPU.ActiveCfg = Debug|iPhoneSimulator
		{695ACA3E-E72F-491A-BA28-BF929CEEA663}.Debug|Any CPU.Build.0 = Debug|iPhoneSimulator
		{695ACA3E-E72F-491A-BA28-BF929CEEA663}.Debug|Any CPU.Deploy.0 = Debug|iPhoneSimulator
		{695ACA3E-E72F-491A-BA28-BF929CEEA663}.Debug|iPhone.ActiveCfg = Debug|iPhone
		{695ACA3E-E72F-491A-BA28-BF929CEEA663}.Debug|iPhone.Build.0 = Debug|iPhone
		{695ACA3E-E72F-491A-BA28-BF929CEEA663}.Debug|iPhone.Deploy.0 = Debug|iPhone
		{695ACA3E-E72F-491A-BA28-BF929CEEA663}.Debug|iPhoneSimulator.ActiveCfg = Debug|iPhoneSimulator
		{695ACA3E-E72F-491A-BA28-BF929CEEA663}.Debug|iPhoneSimulator.Build.0 = Debug|iPhoneSimulator
		{695ACA3E-E72F-491A-BA28-BF929CEEA663}.Debug|iPhoneSimulator.Deploy.0 = Debug|iPhoneSimulator
		{695ACA3E-E72F-491A-BA28-BF929CEEA663}.Release|Any CPU.ActiveCfg = Release|iPhone
		{695ACA3E-E72F-491A-BA28-BF929CEEA663}.Release|Any CPU.Build.0 = Release|iPhone
		{695ACA3E-E72F-491A-BA28-BF929CEEA663}.Release|Any CPU.Deploy.0 = Release|iPhone
		{695ACA3E-E72F-491A-BA28-BF929CEEA663}.Release|iPhone.ActiveCfg = Release|iPhone
		{695ACA3E-E72F-491A-BA28-BF929CEEA663}.Release|iPhone.Build.0 = Release|iPhone
		{695ACA3E-E72F-491A-BA28-BF929CEEA663}.Release|iPhone.Deploy.0 = Release|iPhone
		{695ACA3E-E72F-491A-BA28-BF929CEEA663}.Release|iPhoneSimulator.ActiveCfg = Release|iPhoneSimulator
		{695ACA3E-E72F-491A-BA28-BF929CEEA663}.Release|iPhoneSimulator.Build.0 = Release|iPhoneSimulator
		{695ACA3E-E72F-491A-BA28-BF929CEEA663}.Release|iPhoneSimulator.Deploy.0 = Release|iPhoneSimulator
		{F26154B8-89EA-4B01-9BA2-1B6E207F2C1B}.Ad-Hoc|Any CPU.ActiveCfg = Release|Any CPU
		{F26154B8-89EA-4B01-9BA2-1B6E207F2C1B}.Ad-Hoc|Any CPU.Build.0 = Release|Any CPU
		{F26154B8-89EA-4B01-9BA2-1B6E207F2C1B}.Ad-Hoc|iPhone.ActiveCfg = Release|Any CPU
		{F26154B8-89EA-4B01-9BA2-1B6E207F2C1B}.Ad-Hoc|iPhone.Build.0 = Release|Any CPU
		{F26154B8-89EA-4B01-9BA2-1B6E207F2C1B}.Ad-Hoc|iPhoneSimulator.ActiveCfg = Release|Any CPU
		{F26154B8-89EA-4B01-9BA2-1B6E207F2C1B}.Ad-Hoc|iPhoneSimulator.Build.0 = Release|Any CPU
		{F26154B8-89EA-4B01-9BA2-1B6E207F2C1B}.AppStore|Any CPU.ActiveCfg = Release|Any CPU
		{F26154B8-89EA-4B01-9BA2-1B6E207F2C1B}.AppStore|Any CPU.Build.0 = Release|Any CPU
		{F26154B8-89EA-4B01-9BA2-1B6E207F2C1B}.AppStore|iPhone.ActiveCfg = Release|Any CPU
		{F26154B8-89EA-4B01-9BA2-1B6E207F2C1B}.AppStore|iPhone.Build.0 = Release|Any CPU
		{F26154B8-89EA-4B01-9BA2-1B6E207F2C1B}.AppStore|iPhoneSimulator.ActiveCfg = Release|Any CPU
		{F26154B8-89EA-4B01-9BA2-1B6E207F2C1B}.AppStore|iPhoneSimulator.Build.0 = Release|Any CPU
		{F26154B8-89EA-4B01-9BA2-1B6E207F2C1B}.Debug|Any CPU.ActiveCfg = Debug|Any CPU
		{F26154B8-89EA-4B01-9BA2-1B6E207F2C1B}.Debug|Any CPU.Build.0 = Debug|Any CPU
		{F26154B8-89EA-4B01-9BA2-1B6E207F2C1B}.Debug|Any CPU.Deploy.0 = Debug|Any CPU
		{F26154B8-89EA-4B01-9BA2-1B6E207F2C1B}.Debug|iPhone.ActiveCfg = Debug|Any CPU
		{F26154B8-89EA-4B01-9BA2-1B6E207F2C1B}.Debug|iPhone.Build.0 = Debug|Any CPU
		{F26154B8-89EA-4B01-9BA2-1B6E207F2C1B}.Debug|iPhone.Deploy.0 = Debug|Any CPU
		{F26154B8-89EA-4B01-9BA2-1B6E207F2C1B}.Debug|iPhoneSimulator.ActiveCfg = Debug|Any CPU
		{F26154B8-89EA-4B01-9BA2-1B6E207F2C1B}.Debug|iPhoneSimulator.Build.0 = Debug|Any CPU
		{F26154B8-89EA-4B01-9BA2-1B6E207F2C1B}.Debug|iPhoneSimulator.Deploy.0 = Debug|Any CPU
		{F26154B8-89EA-4B01-9BA2-1B6E207F2C1B}.Release|Any CPU.ActiveCfg = Release|Any CPU
		{F26154B8-89EA-4B01-9BA2-1B6E207F2C1B}.Release|Any CPU.Build.0 = Release|Any CPU
		{F26154B8-89EA-4B01-9BA2-1B6E207F2C1B}.Release|Any CPU.Deploy.0 = Release|Any CPU
		{F26154B8-89EA-4B01-9BA2-1B6E207F2C1B}.Release|iPhone.ActiveCfg = Release|Any CPU
		{F26154B8-89EA-4B01-9BA2-1B6E207F2C1B}.Release|iPhone.Build.0 = Release|Any CPU
		{F26154B8-89EA-4B01-9BA2-1B6E207F2C1B}.Release|iPhone.Deploy.0 = Release|Any CPU
		{F26154B8-89EA-4B01-9BA2-1B6E207F2C1B}.Release|iPhoneSimulator.ActiveCfg = Release|Any CPU
		{F26154B8-89EA-4B01-9BA2-1B6E207F2C1B}.Release|iPhoneSimulator.Build.0 = Release|Any CPU
		{F26154B8-89EA-4B01-9BA2-1B6E207F2C1B}.Release|iPhoneSimulator.Deploy.0 = Release|Any CPU
		{4FEE4028-8F5F-434E-BD8A-67F5D7CC112A}.Ad-Hoc|Any CPU.ActiveCfg = Release|Any CPU
		{4FEE4028-8F5F-434E-BD8A-67F5D7CC112A}.Ad-Hoc|Any CPU.Build.0 = Release|Any CPU
		{4FEE4028-8F5F-434E-BD8A-67F5D7CC112A}.Ad-Hoc|iPhone.ActiveCfg = Release|Any CPU
		{4FEE4028-8F5F-434E-BD8A-67F5D7CC112A}.Ad-Hoc|iPhone.Build.0 = Release|Any CPU
		{4FEE4028-8F5F-434E-BD8A-67F5D7CC112A}.Ad-Hoc|iPhoneSimulator.ActiveCfg = Release|Any CPU
		{4FEE4028-8F5F-434E-BD8A-67F5D7CC112A}.Ad-Hoc|iPhoneSimulator.Build.0 = Release|Any CPU
		{4FEE4028-8F5F-434E-BD8A-67F5D7CC112A}.AppStore|Any CPU.ActiveCfg = Release|Any CPU
		{4FEE4028-8F5F-434E-BD8A-67F5D7CC112A}.AppStore|Any CPU.Build.0 = Release|Any CPU
		{4FEE4028-8F5F-434E-BD8A-67F5D7CC112A}.AppStore|iPhone.ActiveCfg = Release|Any CPU
		{4FEE4028-8F5F-434E-BD8A-67F5D7CC112A}.AppStore|iPhone.Build.0 = Release|Any CPU
		{4FEE4028-8F5F-434E-BD8A-67F5D7CC112A}.AppStore|iPhoneSimulator.ActiveCfg = Release|Any CPU
		{4FEE4028-8F5F-434E-BD8A-67F5D7CC112A}.AppStore|iPhoneSimulator.Build.0 = Release|Any CPU
		{4FEE4028-8F5F-434E-BD8A-67F5D7CC112A}.Debug|Any CPU.ActiveCfg = Debug|Any CPU
		{4FEE4028-8F5F-434E-BD8A-67F5D7CC112A}.Debug|Any CPU.Build.0 = Debug|Any CPU
		{4FEE4028-8F5F-434E-BD8A-67F5D7CC112A}.Debug|Any CPU.Deploy.0 = Debug|Any CPU
		{4FEE4028-8F5F-434E-BD8A-67F5D7CC112A}.Debug|iPhone.ActiveCfg = Debug|Any CPU
		{4FEE4028-8F5F-434E-BD8A-67F5D7CC112A}.Debug|iPhone.Build.0 = Debug|Any CPU
		{4FEE4028-8F5F-434E-BD8A-67F5D7CC112A}.Debug|iPhone.Deploy.0 = Debug|Any CPU
		{4FEE4028-8F5F-434E-BD8A-67F5D7CC112A}.Debug|iPhoneSimulator.ActiveCfg = Debug|Any CPU
		{4FEE4028-8F5F-434E-BD8A-67F5D7CC112A}.Debug|iPhoneSimulator.Build.0 = Debug|Any CPU
		{4FEE4028-8F5F-434E-BD8A-67F5D7CC112A}.Debug|iPhoneSimulator.Deploy.0 = Debug|Any CPU
		{4FEE4028-8F5F-434E-BD8A-67F5D7CC112A}.Release|Any CPU.ActiveCfg = Release|Any CPU
		{4FEE4028-8F5F-434E-BD8A-67F5D7CC112A}.Release|Any CPU.Build.0 = Release|Any CPU
		{4FEE4028-8F5F-434E-BD8A-67F5D7CC112A}.Release|Any CPU.Deploy.0 = Release|Any CPU
		{4FEE4028-8F5F-434E-BD8A-67F5D7CC112A}.Release|iPhone.ActiveCfg = Release|Any CPU
		{4FEE4028-8F5F-434E-BD8A-67F5D7CC112A}.Release|iPhone.Build.0 = Release|Any CPU
		{4FEE4028-8F5F-434E-BD8A-67F5D7CC112A}.Release|iPhone.Deploy.0 = Release|Any CPU
		{4FEE4028-8F5F-434E-BD8A-67F5D7CC112A}.Release|iPhoneSimulator.ActiveCfg = Release|Any CPU
		{4FEE4028-8F5F-434E-BD8A-67F5D7CC112A}.Release|iPhoneSimulator.Build.0 = Release|Any CPU
		{4FEE4028-8F5F-434E-BD8A-67F5D7CC112A}.Release|iPhoneSimulator.Deploy.0 = Release|Any CPU
		{8BEB4B95-1D13-48BF-9023-632F80F7E9E7}.Ad-Hoc|Any CPU.ActiveCfg = Release|Any CPU
		{8BEB4B95-1D13-48BF-9023-632F80F7E9E7}.Ad-Hoc|Any CPU.Build.0 = Release|Any CPU
		{8BEB4B95-1D13-48BF-9023-632F80F7E9E7}.Ad-Hoc|Any CPU.Deploy.0 = Release|Any CPU
		{8BEB4B95-1D13-48BF-9023-632F80F7E9E7}.Ad-Hoc|iPhone.ActiveCfg = Release|Any CPU
		{8BEB4B95-1D13-48BF-9023-632F80F7E9E7}.Ad-Hoc|iPhone.Build.0 = Release|Any CPU
		{8BEB4B95-1D13-48BF-9023-632F80F7E9E7}.Ad-Hoc|iPhone.Deploy.0 = Release|Any CPU
		{8BEB4B95-1D13-48BF-9023-632F80F7E9E7}.Ad-Hoc|iPhoneSimulator.ActiveCfg = Release|Any CPU
		{8BEB4B95-1D13-48BF-9023-632F80F7E9E7}.Ad-Hoc|iPhoneSimulator.Build.0 = Release|Any CPU
		{8BEB4B95-1D13-48BF-9023-632F80F7E9E7}.Ad-Hoc|iPhoneSimulator.Deploy.0 = Release|Any CPU
		{8BEB4B95-1D13-48BF-9023-632F80F7E9E7}.AppStore|Any CPU.ActiveCfg = Release|Any CPU
		{8BEB4B95-1D13-48BF-9023-632F80F7E9E7}.AppStore|Any CPU.Build.0 = Release|Any CPU
		{8BEB4B95-1D13-48BF-9023-632F80F7E9E7}.AppStore|Any CPU.Deploy.0 = Release|Any CPU
		{8BEB4B95-1D13-48BF-9023-632F80F7E9E7}.AppStore|iPhone.ActiveCfg = Release|Any CPU
		{8BEB4B95-1D13-48BF-9023-632F80F7E9E7}.AppStore|iPhone.Build.0 = Release|Any CPU
		{8BEB4B95-1D13-48BF-9023-632F80F7E9E7}.AppStore|iPhone.Deploy.0 = Release|Any CPU
		{8BEB4B95-1D13-48BF-9023-632F80F7E9E7}.AppStore|iPhoneSimulator.ActiveCfg = Release|Any CPU
		{8BEB4B95-1D13-48BF-9023-632F80F7E9E7}.AppStore|iPhoneSimulator.Build.0 = Release|Any CPU
		{8BEB4B95-1D13-48BF-9023-632F80F7E9E7}.AppStore|iPhoneSimulator.Deploy.0 = Release|Any CPU
		{8BEB4B95-1D13-48BF-9023-632F80F7E9E7}.Debug|Any CPU.ActiveCfg = Debug|Any CPU
		{8BEB4B95-1D13-48BF-9023-632F80F7E9E7}.Debug|Any CPU.Build.0 = Debug|Any CPU
		{8BEB4B95-1D13-48BF-9023-632F80F7E9E7}.Debug|Any CPU.Deploy.0 = Debug|Any CPU
		{8BEB4B95-1D13-48BF-9023-632F80F7E9E7}.Debug|iPhone.ActiveCfg = Debug|Any CPU
		{8BEB4B95-1D13-48BF-9023-632F80F7E9E7}.Debug|iPhone.Build.0 = Debug|Any CPU
		{8BEB4B95-1D13-48BF-9023-632F80F7E9E7}.Debug|iPhone.Deploy.0 = Debug|Any CPU
		{8BEB4B95-1D13-48BF-9023-632F80F7E9E7}.Debug|iPhoneSimulator.ActiveCfg = Debug|Any CPU
		{8BEB4B95-1D13-48BF-9023-632F80F7E9E7}.Debug|iPhoneSimulator.Build.0 = Debug|Any CPU
		{8BEB4B95-1D13-48BF-9023-632F80F7E9E7}.Debug|iPhoneSimulator.Deploy.0 = Debug|Any CPU
		{8BEB4B95-1D13-48BF-9023-632F80F7E9E7}.Release|Any CPU.ActiveCfg = Release|Any CPU
		{8BEB4B95-1D13-48BF-9023-632F80F7E9E7}.Release|Any CPU.Build.0 = Release|Any CPU
		{8BEB4B95-1D13-48BF-9023-632F80F7E9E7}.Release|Any CPU.Deploy.0 = Release|Any CPU
		{8BEB4B95-1D13-48BF-9023-632F80F7E9E7}.Release|iPhone.ActiveCfg = Release|Any CPU
		{8BEB4B95-1D13-48BF-9023-632F80F7E9E7}.Release|iPhone.Build.0 = Release|Any CPU
		{8BEB4B95-1D13-48BF-9023-632F80F7E9E7}.Release|iPhone.Deploy.0 = Release|Any CPU
		{8BEB4B95-1D13-48BF-9023-632F80F7E9E7}.Release|iPhoneSimulator.ActiveCfg = Release|Any CPU
		{8BEB4B95-1D13-48BF-9023-632F80F7E9E7}.Release|iPhoneSimulator.Build.0 = Release|Any CPU
		{8BEB4B95-1D13-48BF-9023-632F80F7E9E7}.Release|iPhoneSimulator.Deploy.0 = Release|Any CPU
		{A989CBA7-1D9F-4471-A7DC-63BA74B39B37}.Ad-Hoc|Any CPU.ActiveCfg = Ad-Hoc|iPhone
		{A989CBA7-1D9F-4471-A7DC-63BA74B39B37}.Ad-Hoc|iPhone.ActiveCfg = Ad-Hoc|iPhone
		{A989CBA7-1D9F-4471-A7DC-63BA74B39B37}.Ad-Hoc|iPhone.Build.0 = Ad-Hoc|iPhone
		{A989CBA7-1D9F-4471-A7DC-63BA74B39B37}.Ad-Hoc|iPhoneSimulator.ActiveCfg = Ad-Hoc|iPhoneSimulator
		{A989CBA7-1D9F-4471-A7DC-63BA74B39B37}.Ad-Hoc|iPhoneSimulator.Build.0 = Ad-Hoc|iPhoneSimulator
		{A989CBA7-1D9F-4471-A7DC-63BA74B39B37}.AppStore|Any CPU.ActiveCfg = AppStore|iPhone
		{A989CBA7-1D9F-4471-A7DC-63BA74B39B37}.AppStore|iPhone.ActiveCfg = AppStore|iPhone
		{A989CBA7-1D9F-4471-A7DC-63BA74B39B37}.AppStore|iPhone.Build.0 = AppStore|iPhone
		{A989CBA7-1D9F-4471-A7DC-63BA74B39B37}.AppStore|iPhoneSimulator.ActiveCfg = AppStore|iPhoneSimulator
		{A989CBA7-1D9F-4471-A7DC-63BA74B39B37}.AppStore|iPhoneSimulator.Build.0 = AppStore|iPhoneSimulator
		{A989CBA7-1D9F-4471-A7DC-63BA74B39B37}.Debug|Any CPU.ActiveCfg = Debug|iPhone
		{A989CBA7-1D9F-4471-A7DC-63BA74B39B37}.Debug|iPhone.ActiveCfg = Debug|iPhone
		{A989CBA7-1D9F-4471-A7DC-63BA74B39B37}.Debug|iPhone.Build.0 = Debug|iPhone
		{A989CBA7-1D9F-4471-A7DC-63BA74B39B37}.Debug|iPhoneSimulator.ActiveCfg = Debug|iPhoneSimulator
		{A989CBA7-1D9F-4471-A7DC-63BA74B39B37}.Debug|iPhoneSimulator.Build.0 = Debug|iPhoneSimulator
		{A989CBA7-1D9F-4471-A7DC-63BA74B39B37}.Release|Any CPU.ActiveCfg = Release|iPhone
		{A989CBA7-1D9F-4471-A7DC-63BA74B39B37}.Release|iPhone.ActiveCfg = Release|iPhone
		{A989CBA7-1D9F-4471-A7DC-63BA74B39B37}.Release|iPhone.Build.0 = Release|iPhone
		{A989CBA7-1D9F-4471-A7DC-63BA74B39B37}.Release|iPhoneSimulator.ActiveCfg = Release|iPhoneSimulator
		{A989CBA7-1D9F-4471-A7DC-63BA74B39B37}.Release|iPhoneSimulator.Build.0 = Release|iPhoneSimulator
		{5872A855-CC1D-4644-8B70-24B3DF76244C}.Ad-Hoc|Any CPU.ActiveCfg = Debug|Any CPU
		{5872A855-CC1D-4644-8B70-24B3DF76244C}.Ad-Hoc|Any CPU.Build.0 = Debug|Any CPU
		{5872A855-CC1D-4644-8B70-24B3DF76244C}.Ad-Hoc|iPhone.ActiveCfg = Debug|Any CPU
		{5872A855-CC1D-4644-8B70-24B3DF76244C}.Ad-Hoc|iPhone.Build.0 = Debug|Any CPU
		{5872A855-CC1D-4644-8B70-24B3DF76244C}.Ad-Hoc|iPhoneSimulator.ActiveCfg = Debug|Any CPU
		{5872A855-CC1D-4644-8B70-24B3DF76244C}.Ad-Hoc|iPhoneSimulator.Build.0 = Debug|Any CPU
		{5872A855-CC1D-4644-8B70-24B3DF76244C}.AppStore|Any CPU.ActiveCfg = Debug|Any CPU
		{5872A855-CC1D-4644-8B70-24B3DF76244C}.AppStore|Any CPU.Build.0 = Debug|Any CPU
		{5872A855-CC1D-4644-8B70-24B3DF76244C}.AppStore|iPhone.ActiveCfg = Debug|Any CPU
		{5872A855-CC1D-4644-8B70-24B3DF76244C}.AppStore|iPhone.Build.0 = Debug|Any CPU
		{5872A855-CC1D-4644-8B70-24B3DF76244C}.AppStore|iPhoneSimulator.ActiveCfg = Debug|Any CPU
		{5872A855-CC1D-4644-8B70-24B3DF76244C}.AppStore|iPhoneSimulator.Build.0 = Debug|Any CPU
		{5872A855-CC1D-4644-8B70-24B3DF76244C}.Debug|Any CPU.ActiveCfg = Debug|Any CPU
		{5872A855-CC1D-4644-8B70-24B3DF76244C}.Debug|Any CPU.Build.0 = Debug|Any CPU
		{5872A855-CC1D-4644-8B70-24B3DF76244C}.Debug|iPhone.ActiveCfg = Debug|Any CPU
		{5872A855-CC1D-4644-8B70-24B3DF76244C}.Debug|iPhone.Build.0 = Debug|Any CPU
		{5872A855-CC1D-4644-8B70-24B3DF76244C}.Debug|iPhoneSimulator.ActiveCfg = Debug|Any CPU
		{5872A855-CC1D-4644-8B70-24B3DF76244C}.Debug|iPhoneSimulator.Build.0 = Debug|Any CPU
		{5872A855-CC1D-4644-8B70-24B3DF76244C}.Release|Any CPU.ActiveCfg = Release|Any CPU
		{5872A855-CC1D-4644-8B70-24B3DF76244C}.Release|Any CPU.Build.0 = Release|Any CPU
		{5872A855-CC1D-4644-8B70-24B3DF76244C}.Release|iPhone.ActiveCfg = Release|Any CPU
		{5872A855-CC1D-4644-8B70-24B3DF76244C}.Release|iPhone.Build.0 = Release|Any CPU
		{5872A855-CC1D-4644-8B70-24B3DF76244C}.Release|iPhoneSimulator.ActiveCfg = Release|Any CPU
		{5872A855-CC1D-4644-8B70-24B3DF76244C}.Release|iPhoneSimulator.Build.0 = Release|Any CPU
	EndGlobalSection
	GlobalSection(SolutionProperties) = preSolution
		HideSolutionNode = FALSE
	EndGlobalSection
	GlobalSection(NestedProjects) = preSolution
		{A1E3DE5E-54D2-463B-90BF-4DE0D420B524} = {753FCD88-DE57-40C6-A2F7-2E2CB0F92923}
		{695ACA3E-E72F-491A-BA28-BF929CEEA663} = {753FCD88-DE57-40C6-A2F7-2E2CB0F92923}
		{F26154B8-89EA-4B01-9BA2-1B6E207F2C1B} = {49854692-91FA-4566-9165-BEB3FA1D1F50}
		{4FEE4028-8F5F-434E-BD8A-67F5D7CC112A} = {0606DD4E-DFC2-4991-AE74-5B0096CC5ECD}
		{3DF1EB0F-FEC9-453B-865B-E5A3DEAB9BF6} = {C7A3CF3E-1B99-4CCD-91F8-D9AE9A432E7D}
		{0606DD4E-DFC2-4991-AE74-5B0096CC5ECD} = {76EB65B0-4ECF-40C4-B618-06460855297C}
		{753FCD88-DE57-40C6-A2F7-2E2CB0F92923} = {76EB65B0-4ECF-40C4-B618-06460855297C}
		{8BEB4B95-1D13-48BF-9023-632F80F7E9E7} = {3DF1EB0F-FEC9-453B-865B-E5A3DEAB9BF6}
		{A989CBA7-1D9F-4471-A7DC-63BA74B39B37} = {3DF1EB0F-FEC9-453B-865B-E5A3DEAB9BF6}
		{5872A855-CC1D-4644-8B70-24B3DF76244C} = {C7A3CF3E-1B99-4CCD-91F8-D9AE9A432E7D}
	EndGlobalSection
	GlobalSection(ExtensibilityGlobals) = postSolution
		SolutionGuid = {9CEB4EDC-DAD5-42F8-AF7A-ACBD820BCC59}
	EndGlobalSection
EndGlobal
